
Microsoft Visual Studio Solution File, Format Version 12.00
# Visual Studio 15
VisualStudioVersion = 15.0.27004.2009
MinimumVisualStudioVersion = 10.0.40219.1
Project("{FAE04EC0-301F-11D3-BF4B-00C04F79EFBC}") = "Hello31", "Hello31\Hello31.csproj", "{DF2A97DB-9E9F-40B9-B2BE-3A967A303453}"
EndProject
Global
	GlobalSection(SolutionConfigurationPlatforms) = preSolution
		Debug|Any CPU = Debug|Any CPU
		Release|Any CPU = Release|Any CPU
	EndGlobalSection
	GlobalSection(ProjectConfigurationPlatforms) = postSolution
		{DF2A97DB-9E9F-40B9-B2BE-3A967A303453}.Debug|Any CPU.ActiveCfg = Debug|Any CPU
		{DF2A97DB-9E9F-40B9-B2BE-3A967A303453}.Debug|Any CPU.Build.0 = Debug|Any CPU
		{DF2A97DB-9E9F-40B9-B2BE-3A967A303453}.Release|Any CPU.ActiveCfg = Release|Any CPU
		{DF2A97DB-9E9F-40B9-B2BE-3A967A303453}.Release|Any CPU.Build.0 = Release|Any CPU
	EndGlobalSection
	GlobalSection(SolutionProperties) = preSolution
		HideSolutionNode = FALSE
	EndGlobalSection
	GlobalSection(ExtensibilityGlobals) = postSolution
		SolutionGuid = {66889B12-BE0C-4BF4-A959-2ABF6C06EA7F}
	EndGlobalSection
EndGlobal
